
Microsoft Visual Studio Solution File, Format Version 12.00
# Visual Studio Version 17
VisualStudioVersion = 17.14.35821.62
MinimumVisualStudioVersion = 10.0.40219.1
Project("{FAE04EC0-301F-11D3-BF4B-00C04F79EFBC}") = "bug_colview_item_sizing", "bug_colview_item_sizing\bug_colview_item_sizing.csproj", "{543A6FA1-B6A1-4737-A69C-712BB6A36B44}"
EndProject
Global
	GlobalSection(SolutionConfigurationPlatforms) = preSolution
		Debug|Any CPU = Debug|Any CPU
		Release|Any CPU = Release|Any CPU
	EndGlobalSection
	GlobalSection(ProjectConfigurationPlatforms) = postSolution
		{543A6FA1-B6A1-4737-A69C-712BB6A36B44}.Debug|Any CPU.ActiveCfg = Debug|Any CPU
		{543A6FA1-B6A1-4737-A69C-712BB6A36B44}.Debug|Any CPU.Build.0 = Debug|Any CPU
		{543A6FA1-B6A1-4737-A69C-712BB6A36B44}.Debug|Any CPU.Deploy.0 = Debug|Any CPU
		{543A6FA1-B6A1-4737-A69C-712BB6A36B44}.Release|Any CPU.ActiveCfg = Release|Any CPU
		{543A6FA1-B6A1-4737-A69C-712BB6A36B44}.Release|Any CPU.Build.0 = Release|Any CPU
	EndGlobalSection
	GlobalSection(SolutionProperties) = preSolution
		HideSolutionNode = FALSE
	EndGlobalSection
	GlobalSection(ExtensibilityGlobals) = postSolution
		SolutionGuid = {3680572B-98F3-40A2-8E68-D0FAD319A4DB}
	EndGlobalSection
EndGlobal
